
Microsoft Visual Studio Solution File, Format Version 12.00
# Visual Studio Version 17
VisualStudioVersion = 17.0.31903.59
MinimumVisualStudioVersion = 10.0.40219.1
Project("{2150E333-8FDC-42A3-9474-1A3956D46DE8}") = "src", "src", "{827E0CD3-B72D-47B6-A68D-7590B98EB39B}"
EndProject
Project("{2150E333-8FDC-42A3-9474-1A3956D46DE8}") = "UserService", "UserService", "{CB753486-031C-08A7-C788-4C8CBC49DED1}"
EndProject
Project("{FAE04EC0-301F-11D3-BF4B-00C04F79EFBC}") = "UserService.Api", "src\UserService\UserService.Api\UserService.Api.csproj", "{0A77245E-3A01-4FD6-8BB9-ABC78BCDF986}"
EndProject
Project("{FAE04EC0-301F-11D3-BF4B-00C04F79EFBC}") = "UserService.Application", "src\UserService\UserService.Application\UserService.Application.csproj", "{BDD922A0-3F1E-4A59-A468-69085C51701D}"
EndProject
Project("{FAE04EC0-301F-11D3-BF4B-00C04F79EFBC}") = "UserService.Domain", "src\UserService\UserService.Domain\UserService.Domain.csproj", "{BA541FED-0CEC-4FCF-9CB5-5E4C6794B707}"
EndProject
Project("{FAE04EC0-301F-11D3-BF4B-00C04F79EFBC}") = "UserService.Infrastructure", "src\UserService\UserService.Infrastructure\UserService.Infrastructure.csproj", "{9DAFAFA0-FCEE-4813-8CC1-77177D4498FC}"
EndProject
Project("{2150E333-8FDC-42A3-9474-1A3956D46DE8}") = "FinanceService", "FinanceService", "{C8A81FA1-00A6-A89E-D121-D71451D98C8A}"
EndProject
Project("{FAE04EC0-301F-11D3-BF4B-00C04F79EFBC}") = "FinanceService.Api", "src\FinanceService\FinanceService.Api\FinanceService.Api.csproj", "{358B28B0-A28D-4BAD-A0BE-918EEDDCE316}"
EndProject
Project("{FAE04EC0-301F-11D3-BF4B-00C04F79EFBC}") = "FinanceService.Application", "src\FinanceService\FinanceService.Application\FinanceService.Application.csproj", "{BB27594C-5F46-4577-BE87-2707E68327E5}"
EndProject
Project("{FAE04EC0-301F-11D3-BF4B-00C04F79EFBC}") = "FinanceService.Domain", "src\FinanceService\FinanceService.Domain\FinanceService.Domain.csproj", "{D146CD01-E496-4C90-9F00-728A4610FDF9}"
EndProject
Project("{FAE04EC0-301F-11D3-BF4B-00C04F79EFBC}") = "FinanceService.Infrastructure", "src\FinanceService\FinanceService.Infrastructure\FinanceService.Infrastructure.csproj", "{18478475-446B-4E84-BBE4-0C05ED0ED2ED}"
EndProject
Project("{FAE04EC0-301F-11D3-BF4B-00C04F79EFBC}") = "Gateway", "src\Gateway\Gateway.csproj", "{79D8C483-16AF-45FD-82EA-3054563551A0}"
EndProject
Project("{2150E333-8FDC-42A3-9474-1A3956D46DE8}") = "tests", "tests", "{0AB3BF05-4346-4AA6-1389-037BE0695223}"
EndProject
Project("{FAE04EC0-301F-11D3-BF4B-00C04F79EFBC}") = "UserService.Tests", "tests\UserService.Tests\UserService.Tests.csproj", "{8B3DC0D0-5551-4B86-9A76-2F63EFEFE15F}"
EndProject
Project("{FAE04EC0-301F-11D3-BF4B-00C04F79EFBC}") = "FinanceService.Tests", "tests\FinanceService.Tests\FinanceService.Tests.csproj", "{63E4CD6F-2682-4741-B0B7-ADD1A5C3B3AF}"
EndProject
Project("{2150E333-8FDC-42A3-9474-1A3956D46DE8}") = "Элементы решения", "Элементы решения", "{754FC069-D67B-A9D7-50A1-8D1CA196D8F1}"
	ProjectSection(SolutionItems) = preProject
		docker-compose.yml = docker-compose.yml
	EndProjectSection
EndProject
Global
	GlobalSection(SolutionConfigurationPlatforms) = preSolution
		Debug|Any CPU = Debug|Any CPU
		Debug|x64 = Debug|x64
		Debug|x86 = Debug|x86
		Release|Any CPU = Release|Any CPU
		Release|x64 = Release|x64
		Release|x86 = Release|x86
	EndGlobalSection
	GlobalSection(ProjectConfigurationPlatforms) = postSolution
		{0A77245E-3A01-4FD6-8BB9-ABC78BCDF986}.Debug|Any CPU.ActiveCfg = Debug|Any CPU
		{0A77245E-3A01-4FD6-8BB9-ABC78BCDF986}.Debug|Any CPU.Build.0 = Debug|Any CPU
		{0A77245E-3A01-4FD6-8BB9-ABC78BCDF986}.Debug|x64.ActiveCfg = Debug|Any CPU
		{0A77245E-3A01-4FD6-8BB9-ABC78BCDF986}.Debug|x64.Build.0 = Debug|Any CPU
		{0A77245E-3A01-4FD6-8BB9-ABC78BCDF986}.Debug|x86.ActiveCfg = Debug|Any CPU
		{0A77245E-3A01-4FD6-8BB9-ABC78BCDF986}.Debug|x86.Build.0 = Debug|Any CPU
		{0A77245E-3A01-4FD6-8BB9-ABC78BCDF986}.Release|Any CPU.ActiveCfg = Release|Any CPU
		{0A77245E-3A01-4FD6-8BB9-ABC78BCDF986}.Release|Any CPU.Build.0 = Release|Any CPU
		{0A77245E-3A01-4FD6-8BB9-ABC78BCDF986}.Release|x64.ActiveCfg = Release|Any CPU
		{0A77245E-3A01-4FD6-8BB9-ABC78BCDF986}.Release|x64.Build.0 = Release|Any CPU
		{0A77245E-3A01-4FD6-8BB9-ABC78BCDF986}.Release|x86.ActiveCfg = Release|Any CPU
		{0A77245E-3A01-4FD6-8BB9-ABC78BCDF986}.Release|x86.Build.0 = Release|Any CPU
		{BDD922A0-3F1E-4A59-A468-69085C51701D}.Debug|Any CPU.ActiveCfg = Debug|Any CPU
		{BDD922A0-3F1E-4A59-A468-69085C51701D}.Debug|Any CPU.Build.0 = Debug|Any CPU
		{BDD922A0-3F1E-4A59-A468-69085C51701D}.Debug|x64.ActiveCfg = Debug|Any CPU
		{BDD922A0-3F1E-4A59-A468-69085C51701D}.Debug|x64.Build.0 = Debug|Any CPU
		{BDD922A0-3F1E-4A59-A468-69085C51701D}.Debug|x86.ActiveCfg = Debug|Any CPU
		{BDD922A0-3F1E-4A59-A468-69085C51701D}.Debug|x86.Build.0 = Debug|Any CPU
		{BDD922A0-3F1E-4A59-A468-69085C51701D}.Release|Any CPU.ActiveCfg = Release|Any CPU
		{BDD922A0-3F1E-4A59-A468-69085C51701D}.Release|Any CPU.Build.0 = Release|Any CPU
		{BDD922A0-3F1E-4A59-A468-69085C51701D}.Release|x64.ActiveCfg = Release|Any CPU
		{BDD922A0-3F1E-4A59-A468-69085C51701D}.Release|x64.Build.0 = Release|Any CPU
		{BDD922A0-3F1E-4A59-A468-69085C51701D}.Release|x86.ActiveCfg = Release|Any CPU
		{BDD922A0-3F1E-4A59-A468-69085C51701D}.Release|x86.Build.0 = Release|Any CPU
		{BA541FED-0CEC-4FCF-9CB5-5E4C6794B707}.Debug|Any CPU.ActiveCfg = Debug|Any CPU
		{BA541FED-0CEC-4FCF-9CB5-5E4C6794B707}.Debug|Any CPU.Build.0 = Debug|Any CPU
		{BA541FED-0CEC-4FCF-9CB5-5E4C6794B707}.Debug|x64.ActiveCfg = Debug|Any CPU
		{BA541FED-0CEC-4FCF-9CB5-5E4C6794B707}.Debug|x64.Build.0 = Debug|Any CPU
		{BA541FED-0CEC-4FCF-9CB5-5E4C6794B707}.Debug|x86.ActiveCfg = Debug|Any CPU
		{BA541FED-0CEC-4FCF-9CB5-5E4C6794B707}.Debug|x86.Build.0 = Debug|Any CPU
		{BA541FED-0CEC-4FCF-9CB5-5E4C6794B707}.Release|Any CPU.ActiveCfg = Release|Any CPU
		{BA541FED-0CEC-4FCF-9CB5-5E4C6794B707}.Release|Any CPU.Build.0 = Release|Any CPU
		{BA541FED-0CEC-4FCF-9CB5-5E4C6794B707}.Release|x64.ActiveCfg = Release|Any CPU
		{BA541FED-0CEC-4FCF-9CB5-5E4C6794B707}.Release|x64.Build.0 = Release|Any CPU
		{BA541FED-0CEC-4FCF-9CB5-5E4C6794B707}.Release|x86.ActiveCfg = Release|Any CPU
		{BA541FED-0CEC-4FCF-9CB5-5E4C6794B707}.Release|x86.Build.0 = Release|Any CPU
		{9DAFAFA0-FCEE-4813-8CC1-77177D4498FC}.Debug|Any CPU.ActiveCfg = Debug|Any CPU
		{9DAFAFA0-FCEE-4813-8CC1-77177D4498FC}.Debug|Any CPU.Build.0 = Debug|Any CPU
		{9DAFAFA0-FCEE-4813-8CC1-77177D4498FC}.Debug|x64.ActiveCfg = Debug|Any CPU
		{9DAFAFA0-FCEE-4813-8CC1-77177D4498FC}.Debug|x64.Build.0 = Debug|Any CPU
		{9DAFAFA0-FCEE-4813-8CC1-77177D4498FC}.Debug|x86.ActiveCfg = Debug|Any CPU
		{9DAFAFA0-FCEE-4813-8CC1-77177D4498FC}.Debug|x86.Build.0 = Debug|Any CPU
		{9DAFAFA0-FCEE-4813-8CC1-77177D4498FC}.Release|Any CPU.ActiveCfg = Release|Any CPU
		{9DAFAFA0-FCEE-4813-8CC1-77177D4498FC}.Release|Any CPU.Build.0 = Release|Any CPU
		{9DAFAFA0-FCEE-4813-8CC1-77177D4498FC}.Release|x64.ActiveCfg = Release|Any CPU
		{9DAFAFA0-FCEE-4813-8CC1-77177D4498FC}.Release|x64.Build.0 = Release|Any CPU
		{9DAFAFA0-FCEE-4813-8CC1-77177D4498FC}.Release|x86.ActiveCfg = Release|Any CPU
		{9DAFAFA0-FCEE-4813-8CC1-77177D4498FC}.Release|x86.Build.0 = Release|Any CPU
		{358B28B0-A28D-4BAD-A0BE-918EEDDCE316}.Debug|Any CPU.ActiveCfg = Debug|Any CPU
		{358B28B0-A28D-4BAD-A0BE-918EEDDCE316}.Debug|Any CPU.Build.0 = Debug|Any CPU
		{358B28B0-A28D-4BAD-A0BE-918EEDDCE316}.Debug|x64.ActiveCfg = Debug|Any CPU
		{358B28B0-A28D-4BAD-A0BE-918EEDDCE316}.Debug|x64.Build.0 = Debug|Any CPU
		{358B28B0-A28D-4BAD-A0BE-918EEDDCE316}.Debug|x86.ActiveCfg = Debug|Any CPU
		{358B28B0-A28D-4BAD-A0BE-918EEDDCE316}.Debug|x86.Build.0 = Debug|Any CPU
		{358B28B0-A28D-4BAD-A0BE-918EEDDCE316}.Release|Any CPU.ActiveCfg = Release|Any CPU
		{358B28B0-A28D-4BAD-A0BE-918EEDDCE316}.Release|Any CPU.Build.0 = Release|Any CPU
		{358B28B0-A28D-4BAD-A0BE-918EEDDCE316}.Release|x64.ActiveCfg = Release|Any CPU
		{358B28B0-A28D-4BAD-A0BE-918EEDDCE316}.Release|x64.Build.0 = Release|Any CPU
		{358B28B0-A28D-4BAD-A0BE-918EEDDCE316}.Release|x86.ActiveCfg = Release|Any CPU
		{358B28B0-A28D-4BAD-A0BE-918EEDDCE316}.Release|x86.Build.0 = Release|Any CPU
		{BB27594C-5F46-4577-BE87-2707E68327E5}.Debug|Any CPU.ActiveCfg = Debug|Any CPU
		{BB27594C-5F46-4577-BE87-2707E68327E5}.Debug|Any CPU.Build.0 = Debug|Any CPU
		{BB27594C-5F46-4577-BE87-2707E68327E5}.Debug|x64.ActiveCfg = Debug|Any CPU
		{BB27594C-5F46-4577-BE87-2707E68327E5}.Debug|x64.Build.0 = Debug|Any CPU
		{BB27594C-5F46-4577-BE87-2707E68327E5}.Debug|x86.ActiveCfg = Debug|Any CPU
		{BB27594C-5F46-4577-BE87-2707E68327E5}.Debug|x86.Build.0 = Debug|Any CPU
		{BB27594C-5F46-4577-BE87-2707E68327E5}.Release|Any CPU.ActiveCfg = Release|Any CPU
		{BB27594C-5F46-4577-BE87-2707E68327E5}.Release|Any CPU.Build.0 = Release|Any CPU
		{BB27594C-5F46-4577-BE87-2707E68327E5}.Release|x64.ActiveCfg = Release|Any CPU
		{BB27594C-5F46-4577-BE87-2707E68327E5}.Release|x64.Build.0 = Release|Any CPU
		{BB27594C-5F46-4577-BE87-2707E68327E5}.Release|x86.ActiveCfg = Release|Any CPU
		{BB27594C-5F46-4577-BE87-2707E68327E5}.Release|x86.Build.0 = Release|Any CPU
		{D146CD01-E496-4C90-9F00-728A4610FDF9}.Debug|Any CPU.ActiveCfg = Debug|Any CPU
		{D146CD01-E496-4C90-9F00-728A4610FDF9}.Debug|Any CPU.Build.0 = Debug|Any CPU
		{D146CD01-E496-4C90-9F00-728A4610FDF9}.Debug|x64.ActiveCfg = Debug|Any CPU
		{D146CD01-E496-4C90-9F00-728A4610FDF9}.Debug|x64.Build.0 = Debug|Any CPU
		{D146CD01-E496-4C90-9F00-728A4610FDF9}.Debug|x86.ActiveCfg = Debug|Any CPU
		{D146CD01-E496-4C90-9F00-728A4610FDF9}.Debug|x86.Build.0 = Debug|Any CPU
		{D146CD01-E496-4C90-9F00-728A4610FDF9}.Release|Any CPU.ActiveCfg = Release|Any CPU
		{D146CD01-E496-4C90-9F00-728A4610FDF9}.Release|Any CPU.Build.0 = Release|Any CPU
		{D146CD01-E496-4C90-9F00-728A4610FDF9}.Release|x64.ActiveCfg = Release|Any CPU
		{D146CD01-E496-4C90-9F00-728A4610FDF9}.Release|x64.Build.0 = Release|Any CPU
		{D146CD01-E496-4C90-9F00-728A4610FDF9}.Release|x86.ActiveCfg = Release|Any CPU
		{D146CD01-E496-4C90-9F00-728A4610FDF9}.Release|x86.Build.0 = Release|Any CPU
		{18478475-446B-4E84-BBE4-0C05ED0ED2ED}.Debug|Any CPU.ActiveCfg = Debug|Any CPU
		{18478475-446B-4E84-BBE4-0C05ED0ED2ED}.Debug|Any CPU.Build.0 = Debug|Any CPU
		{18478475-446B-4E84-BBE4-0C05ED0ED2ED}.Debug|x64.ActiveCfg = Debug|Any CPU
		{18478475-446B-4E84-BBE4-0C05ED0ED2ED}.Debug|x64.Build.0 = Debug|Any CPU
		{18478475-446B-4E84-BBE4-0C05ED0ED2ED}.Debug|x86.ActiveCfg = Debug|Any CPU
		{18478475-446B-4E84-BBE4-0C05ED0ED2ED}.Debug|x86.Build.0 = Debug|Any CPU
		{18478475-446B-4E84-BBE4-0C05ED0ED2ED}.Release|Any CPU.ActiveCfg = Release|Any CPU
		{18478475-446B-4E84-BBE4-0C05ED0ED2ED}.Release|Any CPU.Build.0 = Release|Any CPU
		{18478475-446B-4E84-BBE4-0C05ED0ED2ED}.Release|x64.ActiveCfg = Release|Any CPU
		{18478475-446B-4E84-BBE4-0C05ED0ED2ED}.Release|x64.Build.0 = Release|Any CPU
		{18478475-446B-4E84-BBE4-0C05ED0ED2ED}.Release|x86.ActiveCfg = Release|Any CPU
		{18478475-446B-4E84-BBE4-0C05ED0ED2ED}.Release|x86.Build.0 = Release|Any CPU
		{79D8C483-16AF-45FD-82EA-3054563551A0}.Debug|Any CPU.ActiveCfg = Debug|Any CPU
		{79D8C483-16AF-45FD-82EA-3054563551A0}.Debug|Any CPU.Build.0 = Debug|Any CPU
		{79D8C483-16AF-45FD-82EA-3054563551A0}.Debug|x64.ActiveCfg = Debug|Any CPU
		{79D8C483-16AF-45FD-82EA-3054563551A0}.Debug|x64.Build.0 = Debug|Any CPU
		{79D8C483-16AF-45FD-82EA-3054563551A0}.Debug|x86.ActiveCfg = Debug|Any CPU
		{79D8C483-16AF-45FD-82EA-3054563551A0}.Debug|x86.Build.0 = Debug|Any CPU
		{79D8C483-16AF-45FD-82EA-3054563551A0}.Release|Any CPU.ActiveCfg = Release|Any CPU
		{79D8C483-16AF-45FD-82EA-3054563551A0}.Release|Any CPU.Build.0 = Release|Any CPU
		{79D8C483-16AF-45FD-82EA-3054563551A0}.Release|x64.ActiveCfg = Release|Any CPU
		{79D8C483-16AF-45FD-82EA-3054563551A0}.Release|x64.Build.0 = Release|Any CPU
		{79D8C483-16AF-45FD-82EA-3054563551A0}.Release|x86.ActiveCfg = Release|Any CPU
		{79D8C483-16AF-45FD-82EA-3054563551A0}.Release|x86.Build.0 = Release|Any CPU
		{8B3DC0D0-5551-4B86-9A76-2F63EFEFE15F}.Debug|Any CPU.ActiveCfg = Debug|Any CPU
		{8B3DC0D0-5551-4B86-9A76-2F63EFEFE15F}.Debug|Any CPU.Build.0 = Debug|Any CPU
		{8B3DC0D0-5551-4B86-9A76-2F63EFEFE15F}.Debug|x64.ActiveCfg = Debug|Any CPU
		{8B3DC0D0-5551-4B86-9A76-2F63EFEFE15F}.Debug|x64.Build.0 = Debug|Any CPU
		{8B3DC0D0-5551-4B86-9A76-2F63EFEFE15F}.Debug|x86.ActiveCfg = Debug|Any CPU
		{8B3DC0D0-5551-4B86-9A76-2F63EFEFE15F}.Debug|x86.Build.0 = Debug|Any CPU
		{8B3DC0D0-5551-4B86-9A76-2F63EFEFE15F}.Release|Any CPU.ActiveCfg = Release|Any CPU
		{8B3DC0D0-5551-4B86-9A76-2F63EFEFE15F}.Release|Any CPU.Build.0 = Release|Any CPU
		{8B3DC0D0-5551-4B86-9A76-2F63EFEFE15F}.Release|x64.ActiveCfg = Release|Any CPU
		{8B3DC0D0-5551-4B86-9A76-2F63EFEFE15F}.Release|x64.Build.0 = Release|Any CPU
		{8B3DC0D0-5551-4B86-9A76-2F63EFEFE15F}.Release|x86.ActiveCfg = Release|Any CPU
		{8B3DC0D0-5551-4B86-9A76-2F63EFEFE15F}.Release|x86.Build.0 = Release|Any CPU
		{63E4CD6F-2682-4741-B0B7-ADD1A5C3B3AF}.Debug|Any CPU.ActiveCfg = Debug|Any CPU
		{63E4CD6F-2682-4741-B0B7-ADD1A5C3B3AF}.Debug|Any CPU.Build.0 = Debug|Any CPU
		{63E4CD6F-2682-4741-B0B7-ADD1A5C3B3AF}.Debug|x64.ActiveCfg = Debug|Any CPU
		{63E4CD6F-2682-4741-B0B7-ADD1A5C3B3AF}.Debug|x64.Build.0 = Debug|Any CPU
		{63E4CD6F-2682-4741-B0B7-ADD1A5C3B3AF}.Debug|x86.ActiveCfg = Debug|Any CPU
		{63E4CD6F-2682-4741-B0B7-ADD1A5C3B3AF}.Debug|x86.Build.0 = Debug|Any CPU
		{63E4CD6F-2682-4741-B0B7-ADD1A5C3B3AF}.Release|Any CPU.ActiveCfg = Release|Any CPU
		{63E4CD6F-2682-4741-B0B7-ADD1A5C3B3AF}.Release|Any CPU.Build.0 = Release|Any CPU
		{63E4CD6F-2682-4741-B0B7-ADD1A5C3B3AF}.Release|x64.ActiveCfg = Release|Any CPU
		{63E4CD6F-2682-4741-B0B7-ADD1A5C3B3AF}.Release|x64.Build.0 = Release|Any CPU
		{63E4CD6F-2682-4741-B0B7-ADD1A5C3B3AF}.Release|x86.ActiveCfg = Release|Any CPU
		{63E4CD6F-2682-4741-B0B7-ADD1A5C3B3AF}.Release|x86.Build.0 = Release|Any CPU
	EndGlobalSection
	GlobalSection(SolutionProperties) = preSolution
		HideSolutionNode = FALSE
	EndGlobalSection
	GlobalSection(NestedProjects) = preSolution
		{CB753486-031C-08A7-C788-4C8CBC49DED1} = {827E0CD3-B72D-47B6-A68D-7590B98EB39B}
		{0A77245E-3A01-4FD6-8BB9-ABC78BCDF986} = {CB753486-031C-08A7-C788-4C8CBC49DED1}
		{BDD922A0-3F1E-4A59-A468-69085C51701D} = {CB753486-031C-08A7-C788-4C8CBC49DED1}
		{BA541FED-0CEC-4FCF-9CB5-5E4C6794B707} = {CB753486-031C-08A7-C788-4C8CBC49DED1}
		{9DAFAFA0-FCEE-4813-8CC1-77177D4498FC} = {CB753486-031C-08A7-C788-4C8CBC49DED1}
		{C8A81FA1-00A6-A89E-D121-D71451D98C8A} = {827E0CD3-B72D-47B6-A68D-7590B98EB39B}
		{358B28B0-A28D-4BAD-A0BE-918EEDDCE316} = {C8A81FA1-00A6-A89E-D121-D71451D98C8A}
		{BB27594C-5F46-4577-BE87-2707E68327E5} = {C8A81FA1-00A6-A89E-D121-D71451D98C8A}
		{D146CD01-E496-4C90-9F00-728A4610FDF9} = {C8A81FA1-00A6-A89E-D121-D71451D98C8A}
		{18478475-446B-4E84-BBE4-0C05ED0ED2ED} = {C8A81FA1-00A6-A89E-D121-D71451D98C8A}
		{79D8C483-16AF-45FD-82EA-3054563551A0} = {827E0CD3-B72D-47B6-A68D-7590B98EB39B}
		{8B3DC0D0-5551-4B86-9A76-2F63EFEFE15F} = {0AB3BF05-4346-4AA6-1389-037BE0695223}
		{63E4CD6F-2682-4741-B0B7-ADD1A5C3B3AF} = {0AB3BF05-4346-4AA6-1389-037BE0695223}
	EndGlobalSection
	GlobalSection(ExtensibilityGlobals) = postSolution
		SolutionGuid = {388FB02D-5B62-4843-9DE5-8C1985E62F4F}
	EndGlobalSection
EndGlobal
